// !$*UTF8*$!
{
	archiveVersion = 1;
	classes = {
	};
	objectVersion = 56;
	objects = {

/* Begin PBXBuildFile section */
		11FDA9E62B88B0B400CE2705 /* SubscriptionTestApp.swift in Sources */ = {isa = PBXBuildFile; fileRef = 11FDA9E52B88B0B400CE2705 /* SubscriptionTestApp.swift */; };
		11FDA9E82B88B0B400CE2705 /* ContentView.swift in Sources */ = {isa = PBXBuildFile; fileRef = 11FDA9E72B88B0B400CE2705 /* ContentView.swift */; };
		11FDA9EA2B88B0B500CE2705 /* Assets.xcassets in Resources */ = {isa = PBXBuildFile; fileRef = 11FDA9E92B88B0B500CE2705 /* Assets.xcassets */; };
		11FDA9ED2B88B0B500CE2705 /* Preview Assets.xcassets in Resources */ = {isa = PBXBuildFile; fileRef = 11FDA9EC2B88B0B500CE2705 /* Preview Assets.xcassets */; };
		11FDA9F72B88B0B500CE2705 /* SubscriptionTestTests.swift in Sources */ = {isa = PBXBuildFile; fileRef = 11FDA9F62B88B0B500CE2705 /* SubscriptionTestTests.swift */; };
		11FDAA012B88B0B500CE2705 /* SubscriptionTestUITests.swift in Sources */ = {isa = PBXBuildFile; fileRef = 11FDAA002B88B0B500CE2705 /* SubscriptionTestUITests.swift */; };
		11FDAA032B88B0B500CE2705 /* SubscriptionTestUITestsLaunchTests.swift in Sources */ = {isa = PBXBuildFile; fileRef = 11FDAA022B88B0B500CE2705 /* SubscriptionTestUITestsLaunchTests.swift */; };
/* End PBXBuildFile section */

/* Begin PBXContainerItemProxy section */
		11FDA9F32B88B0B500CE2705 /* PBXContainerItemProxy */ = {
			isa = PBXContainerItemProxy;
			containerPortal = 11FDA9DA2B88B0B400CE2705 /* Project object */;
			proxyType = 1;
			remoteGlobalIDString = 11FDA9E12B88B0B400CE2705;
			remoteInfo = SubscriptionTest;
		};
		11FDA9FD2B88B0B500CE2705 /* PBXContainerItemProxy */ = {
			isa = PBXContainerItemProxy;
			containerPortal = 11FDA9DA2B88B0B400CE2705 /* Project object */;
			proxyType = 1;
			remoteGlobalIDString = 11FDA9E12B88B0B400CE2705;
			remoteInfo = SubscriptionTest;
		};
/* End PBXContainerItemProxy section */

/* Begin PBXFileReference section */
		11FDA9E22B88B0B400CE2705 /* SubscriptionTest.app */ = {isa = PBXFileReference; explicitFileType = wrapper.application; includeInIndex = 0; path = SubscriptionTest.app; sourceTree = BUILT_PRODUCTS_DIR; };
		11FDA9E52B88B0B400CE2705 /* SubscriptionTestApp.swift */ = {isa = PBXFileReference; lastKnownFileType = sourcecode.swift; path = SubscriptionTestApp.swift; sourceTree = "<group>"; };
		11FDA9E72B88B0B400CE2705 /* ContentView.swift */ = {isa = PBXFileReference; lastKnownFileType = sourcecode.swift; path = ContentView.swift; sourceTree = "<group>"; };
		11FDA9E92B88B0B500CE2705 /* Assets.xcassets */ = {isa = PBXFileReference; lastKnownFileType = folder.assetcatalog; path = Assets.xcassets; sourceTree = "<group>"; };
		11FDA9EC2B88B0B500CE2705 /* Preview Assets.xcassets */ = {isa = PBXFileReference; lastKnownFileType = folder.assetcatalog; path = "Preview Assets.xcassets"; sourceTree = "<group>"; };
		11FDA9F22B88B0B500CE2705 /* SubscriptionTestTests.xctest */ = {isa = PBXFileReference; explicitFileType = wrapper.cfbundle; includeInIndex = 0; path = SubscriptionTestTests.xctest; sourceTree = BUILT_PRODUCTS_DIR; };
		11FDA9F62B88B0B500CE2705 /* SubscriptionTestTests.swift */ = {isa = PBXFileReference; lastKnownFileType = sourcecode.swift; path = SubscriptionTestTests.swift; sourceTree = "<group>"; };
		11FDA9FC2B88B0B500CE2705 /* SubscriptionTestUITests.xctest */ = {isa = PBXFileReference; explicitFileType = wrapper.cfbundle; includeInIndex = 0; path = SubscriptionTestUITests.xctest; sourceTree = BUILT_PRODUCTS_DIR; };
		11FDAA002B88B0B500CE2705 /* SubscriptionTestUITests.swift */ = {isa = PBXFileReference; lastKnownFileType = sourcecode.swift; path = SubscriptionTestUITests.swift; sourceTree = "<group>"; };
		11FDAA022B88B0B500CE2705 /* SubscriptionTestUITestsLaunchTests.swift */ = {isa = PBXFileReference; lastKnownFileType = sourcecode.swift; path = SubscriptionTestUITestsLaunchTests.swift; sourceTree = "<group>"; };
/* End PBXFileReference section */

/* Begin PBXFrameworksBuildPhase section */
		11FDA9DF2B88B0B400CE2705 /* Frameworks */ = {
			isa = PBXFrameworksBuildPhase;
			buildActionMask = 2147483647;
			files = (
			);
			runOnlyForDeploymentPostprocessing = 0;
		};
		11FDA9EF2B88B0B500CE2705 /* Frameworks */ = {
			isa = PBXFrameworksBuildPhase;
			buildActionMask = 2147483647;
			files = (
			);
			runOnlyForDeploymentPostprocessing = 0;
		};
		11FDA9F92B88B0B500CE2705 /* Frameworks */ = {
			isa = PBXFrameworksBuildPhase;
			buildActionMask = 2147483647;
			files = (
			);
			runOnlyForDeploymentPostprocessing = 0;
		};
/* End PBXFrameworksBuildPhase section */

/* Begin PBXGroup section */
		11FDA9D92B88B0B400CE2705 = {
			isa = PBXGroup;
			children = (
				11FDA9E42B88B0B400CE2705 /* SubscriptionTest */,
				11FDA9F52B88B0B500CE2705 /* SubscriptionTestTests */,
				11FDA9FF2B88B0B500CE2705 /* SubscriptionTestUITests */,
				11FDA9E32B88B0B400CE2705 /* Products */,
			);
			sourceTree = "<group>";
		};
		11FDA9E32B88B0B400CE2705 /* Products */ = {
			isa = PBXGroup;
			children = (
				11FDA9E22B88B0B400CE2705 /* SubscriptionTest.app */,
				11FDA9F22B88B0B500CE2705 /* SubscriptionTestTests.xctest */,
				11FDA9FC2B88B0B500CE2705 /* SubscriptionTestUITests.xctest */,
			);
			name = Products;
			sourceTree = "<group>";
		};
		11FDA9E42B88B0B400CE2705 /* SubscriptionTest */ = {
			isa = PBXGroup;
			children = (
				11FDA9E52B88B0B400CE2705 /* SubscriptionTestApp.swift */,
				11FDA9E72B88B0B400CE2705 /* ContentView.swift */,
				11FDA9E92B88B0B500CE2705 /* Assets.xcassets */,
				11FDA9EB2B88B0B500CE2705 /* Preview Content */,
			);
			path = SubscriptionTest;
			sourceTree = "<group>";
		};
		11FDA9EB2B88B0B500CE2705 /* Preview Content */ = {
			isa = PBXGroup;
			children = (
				11FDA9EC2B88B0B500CE2705 /* Preview Assets.xcassets */,
			);
			path = "Preview Content";
			sourceTree = "<group>";
		};
		11FDA9F52B88B0B500CE2705 /* SubscriptionTestTests */ = {
			isa = PBXGroup;
			children = (
				11FDA9F62B88B0B500CE2705 /* SubscriptionTestTests.swift */,
			);
			path = SubscriptionTestTests;
			sourceTree = "<group>";
		};
		11FDA9FF2B88B0B500CE2705 /* SubscriptionTestUITests */ = {
			isa = PBXGroup;
			children = (
				11FDAA002B88B0B500CE2705 /* SubscriptionTestUITests.swift */,
				11FDAA022B88B0B500CE2705 /* SubscriptionTestUITestsLaunchTests.swift */,
			);
			path = SubscriptionTestUITests;
			sourceTree = "<group>";
		};
/* End PBXGroup section */

/* Begin PBXNativeTarget section */
		11FDA9E12B88B0B400CE2705 /* SubscriptionTest */ = {
			isa = PBXNativeTarget;
			buildConfigurationList = 11FDAA062B88B0B500CE2705 /* Build configuration list for PBXNativeTarget "SubscriptionTest" */;
			buildPhases = (
				11FDAA0F2B88B0F900CE2705 /* ShellScript */,
				11FDA9DE2B88B0B400CE2705 /* Sources */,
				11FDA9DF2B88B0B400CE2705 /* Frameworks */,
				11FDA9E02B88B0B400CE2705 /* Resources */,
			);
			buildRules = (
			);
			dependencies = (
			);
			name = SubscriptionTest;
			productName = SubscriptionTest;
			productReference = 11FDA9E22B88B0B400CE2705 /* SubscriptionTest.app */;
			productType = "com.apple.product-type.application";
		};
		11FDA9F12B88B0B500CE2705 /* SubscriptionTestTests */ = {
			isa = PBXNativeTarget;
			buildConfigurationList = 11FDAA092B88B0B500CE2705 /* Build configuration list for PBXNativeTarget "SubscriptionTestTests" */;
			buildPhases = (
				11FDA9EE2B88B0B500CE2705 /* Sources */,
				11FDA9EF2B88B0B500CE2705 /* Frameworks */,
				11FDA9F02B88B0B500CE2705 /* Resources */,
			);
			buildRules = (
			);
			dependencies = (
				11FDA9F42B88B0B500CE2705 /* PBXTargetDependency */,
			);
			name = SubscriptionTestTests;
			productName = SubscriptionTestTests;
			productReference = 11FDA9F22B88B0B500CE2705 /* SubscriptionTestTests.xctest */;
			productType = "com.apple.product-type.bundle.unit-test";
		};
		11FDA9FB2B88B0B500CE2705 /* SubscriptionTestUITests */ = {
			isa = PBXNativeTarget;
			buildConfigurationList = 11FDAA0C2B88B0B500CE2705 /* Build configuration list for PBXNativeTarget "SubscriptionTestUITests" */;
			buildPhases = (
				11FDA9F82B88B0B500CE2705 /* Sources */,
				11FDA9F92B88B0B500CE2705 /* Frameworks */,
				11FDA9FA2B88B0B500CE2705 /* Resources */,
			);
			buildRules = (
			);
			dependencies = (
				11FDA9FE2B88B0B500CE2705 /* PBXTargetDependency */,
			);
			name = SubscriptionTestUITests;
			productName = SubscriptionTestUITests;
			productReference = 11FDA9FC2B88B0B500CE2705 /* SubscriptionTestUITests.xctest */;
			productType = "com.apple.product-type.bundle.ui-testing";
		};
/* End PBXNativeTarget section */

/* Begin PBXProject section */
		11FDA9DA2B88B0B400CE2705 /* Project object */ = {
			isa = PBXProject;
			attributes = {
				BuildIndependentTargetsInParallel = 1;
				LastSwiftUpdateCheck = 1520;
				LastUpgradeCheck = 1520;
				TargetAttributes = {
					11FDA9E12B88B0B400CE2705 = {
						CreatedOnToolsVersion = 15.2;
					};
					11FDA9F12B88B0B500CE2705 = {
						CreatedOnToolsVersion = 15.2;
						TestTargetID = 11FDA9E12B88B0B400CE2705;
					};
					11FDA9FB2B88B0B500CE2705 = {
						CreatedOnToolsVersion = 15.2;
						TestTargetID = 11FDA9E12B88B0B400CE2705;
					};
				};
			};
			buildConfigurationList = 11FDA9DD2B88B0B400CE2705 /* Build configuration list for PBXProject "SubscriptionTest" */;
			compatibilityVersion = "Xcode 14.0";
			developmentRegion = en;
			hasScannedForEncodings = 0;
			knownRegions = (
				en,
				Base,
			);
			mainGroup = 11FDA9D92B88B0B400CE2705;
			productRefGroup = 11FDA9E32B88B0B400CE2705 /* Products */;
			projectDirPath = "";
			projectRoot = "";
			targets = (
				11FDA9E12B88B0B400CE2705 /* SubscriptionTest */,
				11FDA9F12B88B0B500CE2705 /* SubscriptionTestTests */,
				11FDA9FB2B88B0B500CE2705 /* SubscriptionTestUITests */,
			);
		};
/* End PBXProject section */

/* Begin PBXResourcesBuildPhase section */
		11FDA9E02B88B0B400CE2705 /* Resources */ = {
			isa = PBXResourcesBuildPhase;
			buildActionMask = 2147483647;
			files = (
				11FDA9ED2B88B0B500CE2705 /* Preview Assets.xcassets in Resources */,
				11FDA9EA2B88B0B500CE2705 /* Assets.xcassets in Resources */,
			);
			runOnlyForDeploymentPostprocessing = 0;
		};
		11FDA9F02B88B0B500CE2705 /* Resources */ = {
			isa = PBXResourcesBuildPhase;
			buildActionMask = 2147483647;
			files = (
			);
			runOnlyForDeploymentPostprocessing = 0;
		};
		11FDA9FA2B88B0B500CE2705 /* Resources */ = {
			isa = PBXResourcesBuildPhase;
			buildActionMask = 2147483647;
			files = (
			);
			runOnlyForDeploymentPostprocessing = 0;
		};
/* End PBXResourcesBuildPhase section */

/* Begin PBXShellScriptBuildPhase section */
		11FDAA0F2B88B0F900CE2705 /* ShellScript */ = {
			isa = PBXShellScriptBuildPhase;
			buildActionMask = 2147483647;
			files = (
			);
			inputFileListPaths = (
			);
			inputPaths = (
			);
			outputFileListPaths = (
			);
			outputPaths = (
			);
			runOnlyForDeploymentPostprocessing = 0;
			shellPath = /bin/sh;
			shellScript = "cd \"$SRCROOT/..\"\n./gradlew :shared:embedAndSignAppleFrameworkForXcode -i\n";
		};
/* End PBXShellScriptBuildPhase section */

/* Begin PBXSourcesBuildPhase section */
		11FDA9DE2B88B0B400CE2705 /* Sources */ = {
			isa = PBXSourcesBuildPhase;
			buildActionMask = 2147483647;
			files = (
				11FDA9E82B88B0B400CE2705 /* ContentView.swift in Sources */,
				11FDA9E62B88B0B400CE2705 /* SubscriptionTestApp.swift in Sources */,
			);
			runOnlyForDeploymentPostprocessing = 0;
		};
		11FDA9EE2B88B0B500CE2705 /* Sources */ = {
			isa = PBXSourcesBuildPhase;
			buildActionMask = 2147483647;
			files = (
				11FDA9F72B88B0B500CE2705 /* SubscriptionTestTests.swift in Sources */,
			);
			runOnlyForDeploymentPostprocessing = 0;
		};
		11FDA9F82B88B0B500CE2705 /* Sources */ = {
			isa = PBXSourcesBuildPhase;
			buildActionMask = 2147483647;
			files = (
				11FDAA012B88B0B500CE2705 /* SubscriptionTestUITests.swift in Sources */,
				11FDAA032B88B0B500CE2705 /* SubscriptionTestUITestsLaunchTests.swift in Sources */,
			);
			runOnlyForDeploymentPostprocessing = 0;
		};
/* End PBXSourcesBuildPhase section */

/* Begin PBXTargetDependency section */
		11FDA9F42B88B0B500CE2705 /* PBXTargetDependency */ = {
			isa = PBXTargetDependency;
			target = 11FDA9E12B88B0B400CE2705 /* SubscriptionTest */;
			targetProxy = 11FDA9F32B88B0B500CE2705 /* PBXContainerItemProxy */;
		};
		11FDA9FE2B88B0B500CE2705 /* PBXTargetDependency */ = {
			isa = PBXTargetDependency;
			target = 11FDA9E12B88B0B400CE2705 /* SubscriptionTest */;
			targetProxy = 11FDA9FD2B88B0B500CE2705 /* PBXContainerItemProxy */;
		};
/* End PBXTargetDependency section */

/* Begin XCBuildConfiguration section */
		11FDAA042B88B0B500CE2705 /* Debug */ = {
			isa = XCBuildConfiguration;
			buildSettings = {
				ALWAYS_SEARCH_USER_PATHS = NO;
				ASSETCATALOG_COMPILER_GENERATE_SWIFT_ASSET_SYMBOL_EXTENSIONS = YES;
				CLANG_ANALYZER_NONNULL = YES;
				CLANG_ANALYZER_NUMBER_OBJECT_CONVERSION = YES_AGGRESSIVE;
				CLANG_CXX_LANGUAGE_STANDARD = "gnu++20";
				CLANG_ENABLE_MODULES = YES;
				CLANG_ENABLE_OBJC_ARC = YES;
				CLANG_ENABLE_OBJC_WEAK = YES;
				CLANG_WARN_BLOCK_CAPTURE_AUTORELEASING = YES;
				CLANG_WARN_BOOL_CONVERSION = YES;
				CLANG_WARN_COMMA = YES;
				CLANG_WARN_CONSTANT_CONVERSION = YES;
				CLANG_WARN_DEPRECATED_OBJC_IMPLEMENTATIONS = YES;
				CLANG_WARN_DIRECT_OBJC_ISA_USAGE = YES_ERROR;
				CLANG_WARN_DOCUMENTATION_COMMENTS = YES;
				CLANG_WARN_EMPTY_BODY = YES;
				CLANG_WARN_ENUM_CONVERSION = YES;
				CLANG_WARN_INFINITE_RECURSION = YES;
				CLANG_WARN_INT_CONVERSION = YES;
				CLANG_WARN_NON_LITERAL_NULL_CONVERSION = YES;
				CLANG_WARN_OBJC_IMPLICIT_RETAIN_SELF = YES;
				CLANG_WARN_OBJC_LITERAL_CONVERSION = YES;
				CLANG_WARN_OBJC_ROOT_CLASS = YES_ERROR;
				CLANG_WARN_QUOTED_INCLUDE_IN_FRAMEWORK_HEADER = YES;
				CLANG_WARN_RANGE_LOOP_ANALYSIS = YES;
				CLANG_WARN_STRICT_PROTOTYPES = YES;
				CLANG_WARN_SUSPICIOUS_MOVE = YES;
				CLANG_WARN_UNGUARDED_AVAILABILITY = YES_AGGRESSIVE;
				CLANG_WARN_UNREACHABLE_CODE = YES;
				CLANG_WARN__DUPLICATE_METHOD_MATCH = YES;
				COPY_PHASE_STRIP = NO;
				DEBUG_INFORMATION_FORMAT = dwarf;
				ENABLE_STRICT_OBJC_MSGSEND = YES;
				ENABLE_TESTABILITY = YES;
				ENABLE_USER_SCRIPT_SANDBOXING = YES;
				GCC_C_LANGUAGE_STANDARD = gnu17;
				GCC_DYNAMIC_NO_PIC = NO;
				GCC_NO_COMMON_BLOCKS = YES;
				GCC_OPTIMIZATION_LEVEL = 0;
				GCC_PREPROCESSOR_DEFINITIONS = (
					"DEBUG=1",
					"$(inherited)",
				);
				GCC_WARN_64_TO_32_BIT_CONVERSION = YES;
				GCC_WARN_ABOUT_RETURN_TYPE = YES_ERROR;
				GCC_WARN_UNDECLARED_SELECTOR = YES;
				GCC_WARN_UNINITIALIZED_AUTOS = YES_AGGRESSIVE;
				GCC_WARN_UNUSED_FUNCTION = YES;
				GCC_WARN_UNUSED_VARIABLE = YES;
				IPHONEOS_DEPLOYMENT_TARGET = 17.2;
				LOCALIZATION_PREFERS_STRING_CATALOGS = YES;
				MTL_ENABLE_DEBUG_INFO = INCLUDE_SOURCE;
				MTL_FAST_MATH = YES;
				ONLY_ACTIVE_ARCH = YES;
				SDKROOT = iphoneos;
				SWIFT_ACTIVE_COMPILATION_CONDITIONS = "DEBUG $(inherited)";
				SWIFT_OPTIMIZATION_LEVEL = "-Onone";
			};
			name = Debug;
		};
		11FDAA052B88B0B500CE2705 /* Release */ = {
			isa = XCBuildConfiguration;
			buildSettings = {
				ALWAYS_SEARCH_USER_PATHS = NO;
				ASSETCATALOG_COMPILER_GENERATE_SWIFT_ASSET_SYMBOL_EXTENSIONS = YES;
				CLANG_ANALYZER_NONNULL = YES;
				CLANG_ANALYZER_NUMBER_OBJECT_CONVERSION = YES_AGGRESSIVE;
				CLANG_CXX_LANGUAGE_STANDARD = "gnu++20";
				CLANG_ENABLE_MODULES = YES;
				CLANG_ENABLE_OBJC_ARC = YES;
				CLANG_ENABLE_OBJC_WEAK = YES;
				CLANG_WARN_BLOCK_CAPTURE_AUTORELEASING = YES;
				CLANG_WARN_BOOL_CONVERSION = YES;
				CLANG_WARN_COMMA = YES;
				CLANG_WARN_CONSTANT_CONVERSION = YES;
				CLANG_WARN_DEPRECATED_OBJC_IMPLEMENTATIONS = YES;
				CLANG_WARN_DIRECT_OBJC_ISA_USAGE = YES_ERROR;
				CLANG_WARN_DOCUMENTATION_COMMENTS = YES;
				CLANG_WARN_EMPTY_BODY = YES;
				CLANG_WARN_ENUM_CONVERSION = YES;
				CLANG_WARN_INFINITE_RECURSION = YES;
				CLANG_WARN_INT_CONVERSION = YES;
				CLANG_WARN_NON_LITERAL_NULL_CONVERSION = YES;
				CLANG_WARN_OBJC_IMPLICIT_RETAIN_SELF = YES;
				CLANG_WARN_OBJC_LITERAL_CONVERSION = YES;
				CLANG_WARN_OBJC_ROOT_CLASS = YES_ERROR;
				CLANG_WARN_QUOTED_INCLUDE_IN_FRAMEWORK_HEADER = YES;
				CLANG_WARN_RANGE_LOOP_ANALYSIS = YES;
				CLANG_WARN_STRICT_PROTOTYPES = YES;
				CLANG_WARN_SUSPICIOUS_MOVE = YES;
				CLANG_WARN_UNGUARDED_AVAILABILITY = YES_AGGRESSIVE;
				CLANG_WARN_UNREACHABLE_CODE = YES;
				CLANG_WARN__DUPLICATE_METHOD_MATCH = YES;
				COPY_PHASE_STRIP = NO;
				DEBUG_INFORMATION_FORMAT = "dwarf-with-dsym";
				ENABLE_NS_ASSERTIONS = NO;
				ENABLE_STRICT_OBJC_MSGSEND = YES;
				ENABLE_USER_SCRIPT_SANDBOXING = YES;
				GCC_C_LANGUAGE_STANDARD = gnu17;
				GCC_NO_COMMON_BLOCKS = YES;
				GCC_WARN_64_TO_32_BIT_CONVERSION = YES;
				GCC_WARN_ABOUT_RETURN_TYPE = YES_ERROR;
				GCC_WARN_UNDECLARED_SELECTOR = YES;
				GCC_WARN_UNINITIALIZED_AUTOS = YES_AGGRESSIVE;
				GCC_WARN_UNUSED_FUNCTION = YES;
				GCC_WARN_UNUSED_VARIABLE = YES;
				IPHONEOS_DEPLOYMENT_TARGET = 17.2;
				LOCALIZATION_PREFERS_STRING_CATALOGS = YES;
				MTL_ENABLE_DEBUG_INFO = NO;
				MTL_FAST_MATH = YES;
				SDKROOT = iphoneos;
				SWIFT_COMPILATION_MODE = wholemodule;
				VALIDATE_PRODUCT = YES;
			};
			name = Release;
		};
		11FDAA072B88B0B500CE2705 /* Debug */ = {
			isa = XCBuildConfiguration;
			buildSettings = {
				ASSETCATALOG_COMPILER_APPICON_NAME = AppIcon;
				ASSETCATALOG_COMPILER_GLOBAL_ACCENT_COLOR_NAME = AccentColor;
				CODE_SIGN_STYLE = Automatic;
				CURRENT_PROJECT_VERSION = 1;
				DEVELOPMENT_ASSET_PATHS = "\"SubscriptionTest/Preview Content\"";
				ENABLE_PREVIEWS = YES;
				FRAMEWORK_SEARCH_PATHS = "../shared/build/xcode-frameworks/Debug/iphonesimulator17.2/";
				GENERATE_INFOPLIST_FILE = YES;
				INFOPLIST_KEY_UIApplicationSceneManifest_Generation = YES;
				INFOPLIST_KEY_UIApplicationSupportsIndirectInputEvents = YES;
				INFOPLIST_KEY_UILaunchScreen_Generation = YES;
				INFOPLIST_KEY_UISupportedInterfaceOrientations_iPad = "UIInterfaceOrientationPortrait UIInterfaceOrientationPortraitUpsideDown UIInterfaceOrientationLandscapeLeft UIInterfaceOrientationLandscapeRight";
				INFOPLIST_KEY_UISupportedInterfaceOrientations_iPhone = "UIInterfaceOrientationPortrait UIInterfaceOrientationLandscapeLeft UIInterfaceOrientationLandscapeRight";
				LD_RUNPATH_SEARCH_PATHS = (
					"$(inherited)",
					"@executable_path/Frameworks",
				);
				MARKETING_VERSION = 1.0;
				PRODUCT_BUNDLE_IDENTIFIER = net.mbonnin.subscriptiontest.SubscriptionTest;
				PRODUCT_NAME = "$(TARGET_NAME)";
				SWIFT_EMIT_LOC_STRINGS = YES;
				SWIFT_VERSION = 5.0;
				TARGETED_DEVICE_FAMILY = "1,2";
			};
			name = Debug;
		};
		11FDAA082B88B0B500CE2705 /* Release */ = {
			isa = XCBuildConfiguration;
			buildSettings = {
				ASSETCATALOG_COMPILER_APPICON_NAME = AppIcon;
				ASSETCATALOG_COMPILER_GLOBAL_ACCENT_COLOR_NAME = AccentColor;
				CODE_SIGN_STYLE = Automatic;
				CURRENT_PROJECT_VERSION = 1;
				DEVELOPMENT_ASSET_PATHS = "\"SubscriptionTest/Preview Content\"";
				ENABLE_PREVIEWS = YES;
				FRAMEWORK_SEARCH_PATHS = "../shared/build/xcode-frameworks/Debug/iphonesimulator17.2/";
				GENERATE_INFOPLIST_FILE = YES;
				INFOPLIST_KEY_UIApplicationSceneManifest_Generation = YES;
				INFOPLIST_KEY_UIApplicationSupportsIndirectInputEvents = YES;
				INFOPLIST_KEY_UILaunchScreen_Generation = YES;
				INFOPLIST_KEY_UISupportedInterfaceOrientations_iPad = "UIInterfaceOrientationPortrait UIInterfaceOrientationPortraitUpsideDown UIInterfaceOrientationLandscapeLeft UIInterfaceOrientationLandscapeRight";
				INFOPLIST_KEY_UISupportedInterfaceOrientations_iPhone = "UIInterfaceOrientationPortrait UIInterfaceOrientationLandscapeLeft UIInterfaceOrientationLandscapeRight";
				LD_RUNPATH_SEARCH_PATHS = (
					"$(inherited)",
					"@executable_path/Frameworks",
				);
				MARKETING_VERSION = 1.0;
				PRODUCT_BUNDLE_IDENTIFIER = net.mbonnin.subscriptiontest.SubscriptionTest;
				PRODUCT_NAME = "$(TARGET_NAME)";
				SWIFT_EMIT_LOC_STRINGS = YES;
				SWIFT_VERSION = 5.0;
				TARGETED_DEVICE_FAMILY = "1,2";
			};
			name = Release;
		};
		11FDAA0A2B88B0B500CE2705 /* Debug */ = {
			isa = XCBuildConfiguration;
			buildSettings = {
				ALWAYS_EMBED_SWIFT_STANDARD_LIBRARIES = YES;
				BUNDLE_LOADER = "$(TEST_HOST)";
				CODE_SIGN_STYLE = Automatic;
				CURRENT_PROJECT_VERSION = 1;
				GENERATE_INFOPLIST_FILE = YES;
				IPHONEOS_DEPLOYMENT_TARGET = 17.2;
				MARKETING_VERSION = 1.0;
				PRODUCT_BUNDLE_IDENTIFIER = net.mbonnin.subscriptiontest.SubscriptionTestTests;
				PRODUCT_NAME = "$(TARGET_NAME)";
				SWIFT_EMIT_LOC_STRINGS = NO;
				SWIFT_VERSION = 5.0;
				TARGETED_DEVICE_FAMILY = "1,2";
				TEST_HOST = "$(BUILT_PRODUCTS_DIR)/SubscriptionTest.app/$(BUNDLE_EXECUTABLE_FOLDER_PATH)/SubscriptionTest";
			};
			name = Debug;
		};
		11FDAA0B2B88B0B500CE2705 /* Release */ = {
			isa = XCBuildConfiguration;
			buildSettings = {
				ALWAYS_EMBED_SWIFT_STANDARD_LIBRARIES = YES;
				BUNDLE_LOADER = "$(TEST_HOST)";
				CODE_SIGN_STYLE = Automatic;
				CURRENT_PROJECT_VERSION = 1;
				GENERATE_INFOPLIST_FILE = YES;
				IPHONEOS_DEPLOYMENT_TARGET = 17.2;
				MARKETING_VERSION = 1.0;
				PRODUCT_BUNDLE_IDENTIFIER = net.mbonnin.subscriptiontest.SubscriptionTestTests;
				PRODUCT_NAME = "$(TARGET_NAME)";
				SWIFT_EMIT_LOC_STRINGS = NO;
				SWIFT_VERSION = 5.0;
				TARGETED_DEVICE_FAMILY = "1,2";
				TEST_HOST = "$(BUILT_PRODUCTS_DIR)/SubscriptionTest.app/$(BUNDLE_EXECUTABLE_FOLDER_PATH)/SubscriptionTest";
			};
			name = Release;
		};
		11FDAA0D2B88B0B500CE2705 /* Debug */ = {
			isa = XCBuildConfiguration;
			buildSettings = {
				ALWAYS_EMBED_SWIFT_STANDARD_LIBRARIES = YES;
				CODE_SIGN_STYLE = Automatic;
				CURRENT_PROJECT_VERSION = 1;
				GENERATE_INFOPLIST_FILE = YES;
				MARKETING_VERSION = 1.0;
				PRODUCT_BUNDLE_IDENTIFIER = net.mbonnin.subscriptiontest.SubscriptionTestUITests;
				PRODUCT_NAME = "$(TARGET_NAME)";
				SWIFT_EMIT_LOC_STRINGS = NO;
				SWIFT_VERSION = 5.0;
				TARGETED_DEVICE_FAMILY = "1,2";
				TEST_TARGET_NAME = SubscriptionTest;
			};
			name = Debug;
		};
		11FDAA0E2B88B0B500CE2705 /* Release */ = {
			isa = XCBuildConfiguration;
			buildSettings = {
				ALWAYS_EMBED_SWIFT_STANDARD_LIBRARIES = YES;
				CODE_SIGN_STYLE = Automatic;
				CURRENT_PROJECT_VERSION = 1;
				GENERATE_INFOPLIST_FILE = YES;
				MARKETING_VERSION = 1.0;
				PRODUCT_BUNDLE_IDENTIFIER = net.mbonnin.subscriptiontest.SubscriptionTestUITests;
				PRODUCT_NAME = "$(TARGET_NAME)";
				SWIFT_EMIT_LOC_STRINGS = NO;
				SWIFT_VERSION = 5.0;
				TARGETED_DEVICE_FAMILY = "1,2";
				TEST_TARGET_NAME = SubscriptionTest;
			};
			name = Release;
		};
/* End XCBuildConfiguration section */

/* Begin XCConfigurationList section */
		11FDA9DD2B88B0B400CE2705 /* Build configuration list for PBXProject "SubscriptionTest" */ = {
			isa = XCConfigurationList;
			buildConfigurations = (
				11FDAA042B88B0B500CE2705 /* Debug */,
				11FDAA052B88B0B500CE2705 /* Release */,
			);
			defaultConfigurationIsVisible = 0;
			defaultConfigurationName = Release;
		};
		11FDAA062B88B0B500CE2705 /* Build configuration list for PBXNativeTarget "SubscriptionTest" */ = {
			isa = XCConfigurationList;
			buildConfigurations = (
				11FDAA072B88B0B500CE2705 /* Debug */,
				11FDAA082B88B0B500CE2705 /* Release */,
			);
			defaultConfigurationIsVisible = 0;
			defaultConfigurationName = Release;
		};
		11FDAA092B88B0B500CE2705 /* Build configuration list for PBXNativeTarget "SubscriptionTestTests" */ = {
			isa = XCConfigurationList;
			buildConfigurations = (
				11FDAA0A2B88B0B500CE2705 /* Debug */,
				11FDAA0B2B88B0B500CE2705 /* Release */,
			);
			defaultConfigurationIsVisible = 0;
			defaultConfigurationName = Release;
		};
		11FDAA0C2B88B0B500CE2705 /* Build configuration list for PBXNativeTarget "SubscriptionTestUITests" */ = {
			isa = XCConfigurationList;
			buildConfigurations = (
				11FDAA0D2B88B0B500CE2705 /* Debug */,
				11FDAA0E2B88B0B500CE2705 /* Release */,
			);
			defaultConfigurationIsVisible = 0;
			defaultConfigurationName = Release;
		};
/* End XCConfigurationList section */
	};
	rootObject = 11FDA9DA2B88B0B400CE2705 /* Project object */;
}
